
Microsoft Visual Studio Solution File, Format Version 12.00
# Visual Studio Version 17
VisualStudioVersion = 17.10.34916.146
MinimumVisualStudioVersion = 10.0.40219.1
Project("{FAE04EC0-301F-11D3-BF4B-00C04F79EFBC}") = "Hashtables", "Hashtables\Hashtables.csproj", "{69C82A88-C0EA-4032-81D8-F74EC74680E6}"
EndProject
Global
	GlobalSection(SolutionConfigurationPlatforms) = preSolution
		Debug|Any CPU = Debug|Any CPU
		Release|Any CPU = Release|Any CPU
	EndGlobalSection
	GlobalSection(ProjectConfigurationPlatforms) = postSolution
		{69C82A88-C0EA-4032-81D8-F74EC74680E6}.Debug|Any CPU.ActiveCfg = Debug|Any CPU
		{69C82A88-C0EA-4032-81D8-F74EC74680E6}.Debug|Any CPU.Build.0 = Debug|Any CPU
		{69C82A88-C0EA-4032-81D8-F74EC74680E6}.Release|Any CPU.ActiveCfg = Release|Any CPU
		{69C82A88-C0EA-4032-81D8-F74EC74680E6}.Release|Any CPU.Build.0 = Release|Any CPU
	EndGlobalSection
	GlobalSection(SolutionProperties) = preSolution
		HideSolutionNode = FALSE
	EndGlobalSection
	GlobalSection(ExtensibilityGlobals) = postSolution
		SolutionGuid = {1BBE64B2-435B-411A-893F-7DFD563D24E9}
	EndGlobalSection
EndGlobal
