
Microsoft Visual Studio Solution File, Format Version 12.00
# Visual Studio Version 17
VisualStudioVersion = 17.10.34916.146
MinimumVisualStudioVersion = 10.0.40219.1
Project("{FAE04EC0-301F-11D3-BF4B-00C04F79EFBC}") = "DelegatesAndEvents", "DelegatesAndEvents\DelegatesAndEvents.csproj", "{E897F562-BCAD-4299-981F-A44A2E3D1BDB}"
EndProject
Global
	GlobalSection(SolutionConfigurationPlatforms) = preSolution
		Debug|Any CPU = Debug|Any CPU
		Release|Any CPU = Release|Any CPU
	EndGlobalSection
	GlobalSection(ProjectConfigurationPlatforms) = postSolution
		{E897F562-BCAD-4299-981F-A44A2E3D1BDB}.Debug|Any CPU.ActiveCfg = Debug|Any CPU
		{E897F562-BCAD-4299-981F-A44A2E3D1BDB}.Debug|Any CPU.Build.0 = Debug|Any CPU
		{E897F562-BCAD-4299-981F-A44A2E3D1BDB}.Release|Any CPU.ActiveCfg = Release|Any CPU
		{E897F562-BCAD-4299-981F-A44A2E3D1BDB}.Release|Any CPU.Build.0 = Release|Any CPU
	EndGlobalSection
	GlobalSection(SolutionProperties) = preSolution
		HideSolutionNode = FALSE
	EndGlobalSection
	GlobalSection(ExtensibilityGlobals) = postSolution
		SolutionGuid = {D3469B41-912B-4720-BF9A-D0D48BD3A6B1}
	EndGlobalSection
EndGlobal
