
Microsoft Visual Studio Solution File, Format Version 12.00
# Visual Studio Version 17
VisualStudioVersion = 17.10.34916.146
MinimumVisualStudioVersion = 10.0.40219.1
Project("{FAE04EC0-301F-11D3-BF4B-00C04F79EFBC}") = "QuizApp", "QuizApp\QuizApp.csproj", "{5CA76368-33C4-4A93-B1B7-0CAB17A0AA30}"
EndProject
Global
	GlobalSection(SolutionConfigurationPlatforms) = preSolution
		Debug|Any CPU = Debug|Any CPU
		Release|Any CPU = Release|Any CPU
	EndGlobalSection
	GlobalSection(ProjectConfigurationPlatforms) = postSolution
		{5CA76368-33C4-4A93-B1B7-0CAB17A0AA30}.Debug|Any CPU.ActiveCfg = Debug|Any CPU
		{5CA76368-33C4-4A93-B1B7-0CAB17A0AA30}.Debug|Any CPU.Build.0 = Debug|Any CPU
		{5CA76368-33C4-4A93-B1B7-0CAB17A0AA30}.Release|Any CPU.ActiveCfg = Release|Any CPU
		{5CA76368-33C4-4A93-B1B7-0CAB17A0AA30}.Release|Any CPU.Build.0 = Release|Any CPU
	EndGlobalSection
	GlobalSection(SolutionProperties) = preSolution
		HideSolutionNode = FALSE
	EndGlobalSection
	GlobalSection(ExtensibilityGlobals) = postSolution
		SolutionGuid = {0161D11A-581F-44BF-8BBA-23F92A906660}
	EndGlobalSection
EndGlobal
