
Microsoft Visual Studio Solution File, Format Version 12.00
# Visual Studio Version 17
VisualStudioVersion = 17.10.34916.146
MinimumVisualStudioVersion = 10.0.40219.1
Project("{FAE04EC0-301F-11D3-BF4B-00C04F79EFBC}") = "Arrays", "Arrays\Arrays.csproj", "{B80F20CB-83F4-4AB8-9F79-8666328BFA41}"
EndProject
Global
	GlobalSection(SolutionConfigurationPlatforms) = preSolution
		Debug|Any CPU = Debug|Any CPU
		Release|Any CPU = Release|Any CPU
	EndGlobalSection
	GlobalSection(ProjectConfigurationPlatforms) = postSolution
		{B80F20CB-83F4-4AB8-9F79-8666328BFA41}.Debug|Any CPU.ActiveCfg = Debug|Any CPU
		{B80F20CB-83F4-4AB8-9F79-8666328BFA41}.Debug|Any CPU.Build.0 = Debug|Any CPU
		{B80F20CB-83F4-4AB8-9F79-8666328BFA41}.Release|Any CPU.ActiveCfg = Release|Any CPU
		{B80F20CB-83F4-4AB8-9F79-8666328BFA41}.Release|Any CPU.Build.0 = Release|Any CPU
	EndGlobalSection
	GlobalSection(SolutionProperties) = preSolution
		HideSolutionNode = FALSE
	EndGlobalSection
	GlobalSection(ExtensibilityGlobals) = postSolution
		SolutionGuid = {46F95107-B47B-45A5-9BB7-87F03FF598AF}
	EndGlobalSection
EndGlobal
