
Microsoft Visual Studio Solution File, Format Version 12.00
# Visual Studio Version 17
VisualStudioVersion = 17.10.34916.146
MinimumVisualStudioVersion = 10.0.40219.1
Project("{FAE04EC0-301F-11D3-BF4B-00C04F79EFBC}") = "QuizAppTest", "QuizAppTest\QuizAppTest.csproj", "{C081C6BD-C702-41CF-AEAA-027A45BBEF8B}"
EndProject
Global
	GlobalSection(SolutionConfigurationPlatforms) = preSolution
		Debug|Any CPU = Debug|Any CPU
		Release|Any CPU = Release|Any CPU
	EndGlobalSection
	GlobalSection(ProjectConfigurationPlatforms) = postSolution
		{C081C6BD-C702-41CF-AEAA-027A45BBEF8B}.Debug|Any CPU.ActiveCfg = Debug|Any CPU
		{C081C6BD-C702-41CF-AEAA-027A45BBEF8B}.Debug|Any CPU.Build.0 = Debug|Any CPU
		{C081C6BD-C702-41CF-AEAA-027A45BBEF8B}.Release|Any CPU.ActiveCfg = Release|Any CPU
		{C081C6BD-C702-41CF-AEAA-027A45BBEF8B}.Release|Any CPU.Build.0 = Release|Any CPU
	EndGlobalSection
	GlobalSection(SolutionProperties) = preSolution
		HideSolutionNode = FALSE
	EndGlobalSection
	GlobalSection(ExtensibilityGlobals) = postSolution
		SolutionGuid = {D84749AC-A176-4812-9143-A5307EEBDFFC}
	EndGlobalSection
EndGlobal
